// !$*UTF8*$!
{
	archiveVersion = 1;
	classes = {
	};
	objectVersion = 50;
	objects = {

/* Begin PBXBuildFile section */
		D895EFAC26A7444A006414E9 /* AppDelegate.swift in Sources */ = {isa = PBXBuildFile; fileRef = D895EFAB26A7444A006414E9 /* AppDelegate.swift */; };
		D895EFAE26A7444A006414E9 /* SceneDelegate.swift in Sources */ = {isa = PBXBuildFile; fileRef = D895EFAD26A7444A006414E9 /* SceneDelegate.swift */; };
		D895EFB026A7444A006414E9 /* ViewController.swift in Sources */ = {isa = PBXBuildFile; fileRef = D895EFAF26A7444A006414E9 /* ViewController.swift */; };
		D895EFB326A7444A006414E9 /* Main.storyboard in Resources */ = {isa = PBXBuildFile; fileRef = D895EFB126A7444A006414E9 /* Main.storyboard */; };
		D895EFB526A7444C006414E9 /* Assets.xcassets in Resources */ = {isa = PBXBuildFile; fileRef = D895EFB426A7444C006414E9 /* Assets.xcassets */; };
		D895EFB826A7444C006414E9 /* LaunchScreen.storyboard in Resources */ = {isa = PBXBuildFile; fileRef = D895EFB626A7444C006414E9 /* LaunchScreen.storyboard */; };
		D895EFC326A7444C006414E9 /* PartnerThingTests.swift in Sources */ = {isa = PBXBuildFile; fileRef = D895EFC226A7444C006414E9 /* PartnerThingTests.swift */; };
		D895EFCE26A7444C006414E9 /* PartnerThingUITests.swift in Sources */ = {isa = PBXBuildFile; fileRef = D895EFCD26A7444C006414E9 /* PartnerThingUITests.swift */; };
/* End PBXBuildFile section */

/* Begin PBXContainerItemProxy section */
		D895EFBF26A7444C006414E9 /* PBXContainerItemProxy */ = {
			isa = PBXContainerItemProxy;
			containerPortal = D895EFA026A7444A006414E9 /* Project object */;
			proxyType = 1;
			remoteGlobalIDString = D895EFA726A7444A006414E9;
			remoteInfo = PartnerThing;
		};
		D895EFCA26A7444C006414E9 /* PBXContainerItemProxy */ = {
			isa = PBXContainerItemProxy;
			containerPortal = D895EFA026A7444A006414E9 /* Project object */;
			proxyType = 1;
			remoteGlobalIDString = D895EFA726A7444A006414E9;
			remoteInfo = PartnerThing;
		};
/* End PBXContainerItemProxy section */

/* Begin PBXFileReference section */
		D895EFA826A7444A006414E9 /* PartnerThing.app */ = {isa = PBXFileReference; explicitFileType = wrapper.application; includeInIndex = 0; path = PartnerThing.app; sourceTree = BUILT_PRODUCTS_DIR; };
		D895EFAB26A7444A006414E9 /* AppDelegate.swift */ = {isa = PBXFileReference; lastKnownFileType = sourcecode.swift; path = AppDelegate.swift; sourceTree = "<group>"; };
		D895EFAD26A7444A006414E9 /* SceneDelegate.swift */ = {isa = PBXFileReference; lastKnownFileType = sourcecode.swift; path = SceneDelegate.swift; sourceTree = "<group>"; };
		D895EFAF26A7444A006414E9 /* ViewController.swift */ = {isa = PBXFileReference; lastKnownFileType = sourcecode.swift; path = ViewController.swift; sourceTree = "<group>"; };
		D895EFB226A7444A006414E9 /* Base */ = {isa = PBXFileReference; lastKnownFileType = file.storyboard; name = Base; path = Base.lproj/Main.storyboard; sourceTree = "<group>"; };
		D895EFB426A7444C006414E9 /* Assets.xcassets */ = {isa = PBXFileReference; lastKnownFileType = folder.assetcatalog; path = Assets.xcassets; sourceTree = "<group>"; };
		D895EFB726A7444C006414E9 /* Base */ = {isa = PBXFileReference; lastKnownFileType = file.storyboard; name = Base; path = Base.lproj/LaunchScreen.storyboard; sourceTree = "<group>"; };
		D895EFB926A7444C006414E9 /* Info.plist */ = {isa = PBXFileReference; lastKnownFileType = text.plist.xml; path = Info.plist; sourceTree = "<group>"; };
		D895EFBE26A7444C006414E9 /* PartnerThingTests.xctest */ = {isa = PBXFileReference; explicitFileType = wrapper.cfbundle; includeInIndex = 0; path = PartnerThingTests.xctest; sourceTree = BUILT_PRODUCTS_DIR; };
		D895EFC226A7444C006414E9 /* PartnerThingTests.swift */ = {isa = PBXFileReference; lastKnownFileType = sourcecode.swift; path = PartnerThingTests.swift; sourceTree = "<group>"; };
		D895EFC426A7444C006414E9 /* Info.plist */ = {isa = PBXFileReference; lastKnownFileType = text.plist.xml; path = Info.plist; sourceTree = "<group>"; };
		D895EFC926A7444C006414E9 /* PartnerThingUITests.xctest */ = {isa = PBXFileReference; explicitFileType = wrapper.cfbundle; includeInIndex = 0; path = PartnerThingUITests.xctest; sourceTree = BUILT_PRODUCTS_DIR; };
		D895EFCD26A7444C006414E9 /* PartnerThingUITests.swift */ = {isa = PBXFileReference; lastKnownFileType = sourcecode.swift; path = PartnerThingUITests.swift; sourceTree = "<group>"; };
		D895EFCF26A7444C006414E9 /* Info.plist */ = {isa = PBXFileReference; lastKnownFileType = text.plist.xml; path = Info.plist; sourceTree = "<group>"; };
/* End PBXFileReference section */

/* Begin PBXFrameworksBuildPhase section */
		D895EFA526A7444A006414E9 /* Frameworks */ = {
			isa = PBXFrameworksBuildPhase;
			buildActionMask = 2147483647;
			files = (
			);
			runOnlyForDeploymentPostprocessing = 0;
		};
		D895EFBB26A7444C006414E9 /* Frameworks */ = {
			isa = PBXFrameworksBuildPhase;
			buildActionMask = 2147483647;
			files = (
			);
			runOnlyForDeploymentPostprocessing = 0;
		};
		D895EFC626A7444C006414E9 /* Frameworks */ = {
			isa = PBXFrameworksBuildPhase;
			buildActionMask = 2147483647;
			files = (
			);
			runOnlyForDeploymentPostprocessing = 0;
		};
/* End PBXFrameworksBuildPhase section */

/* Begin PBXGroup section */
		D895EF9F26A7444A006414E9 = {
			isa = PBXGroup;
			children = (
				D895EFAA26A7444A006414E9 /* PartnerThing */,
				D895EFC126A7444C006414E9 /* PartnerThingTests */,
				D895EFCC26A7444C006414E9 /* PartnerThingUITests */,
				D895EFA926A7444A006414E9 /* Products */,
			);
			sourceTree = "<group>";
		};
		D895EFA926A7444A006414E9 /* Products */ = {
			isa = PBXGroup;
			children = (
				D895EFA826A7444A006414E9 /* PartnerThing.app */,
				D895EFBE26A7444C006414E9 /* PartnerThingTests.xctest */,
				D895EFC926A7444C006414E9 /* PartnerThingUITests.xctest */,
			);
			name = Products;
			sourceTree = "<group>";
		};
		D895EFAA26A7444A006414E9 /* PartnerThing */ = {
			isa = PBXGroup;
			children = (
				D895EFAB26A7444A006414E9 /* AppDelegate.swift */,
				D895EFAD26A7444A006414E9 /* SceneDelegate.swift */,
				D895EFAF26A7444A006414E9 /* ViewController.swift */,
				D895EFB126A7444A006414E9 /* Main.storyboard */,
				D895EFB426A7444C006414E9 /* Assets.xcassets */,
				D895EFB626A7444C006414E9 /* LaunchScreen.storyboard */,
				D895EFB926A7444C006414E9 /* Info.plist */,
			);
			path = PartnerThing;
			sourceTree = "<group>";
		};
		D895EFC126A7444C006414E9 /* PartnerThingTests */ = {
			isa = PBXGroup;
			children = (
				D895EFC226A7444C006414E9 /* PartnerThingTests.swift */,
				D895EFC426A7444C006414E9 /* Info.plist */,
			);
			path = PartnerThingTests;
			sourceTree = "<group>";
		};
		D895EFCC26A7444C006414E9 /* PartnerThingUITests */ = {
			isa = PBXGroup;
			children = (
				D895EFCD26A7444C006414E9 /* PartnerThingUITests.swift */,
				D895EFCF26A7444C006414E9 /* Info.plist */,
			);
			path = PartnerThingUITests;
			sourceTree = "<group>";
		};
/* End PBXGroup section */

/* Begin PBXNativeTarget section */
		D895EFA726A7444A006414E9 /* PartnerThing */ = {
			isa = PBXNativeTarget;
			buildConfigurationList = D895EFD226A7444C006414E9 /* Build configuration list for PBXNativeTarget "PartnerThing" */;
			buildPhases = (
				D895EFA426A7444A006414E9 /* Sources */,
				D895EFA526A7444A006414E9 /* Frameworks */,
				D895EFA626A7444A006414E9 /* Resources */,
			);
			buildRules = (
			);
			dependencies = (
			);
			name = PartnerThing;
			productName = PartnerThing;
			productReference = D895EFA826A7444A006414E9 /* PartnerThing.app */;
			productType = "com.apple.product-type.application";
		};
		D895EFBD26A7444C006414E9 /* PartnerThingTests */ = {
			isa = PBXNativeTarget;
			buildConfigurationList = D895EFD526A7444C006414E9 /* Build configuration list for PBXNativeTarget "PartnerThingTests" */;
			buildPhases = (
				D895EFBA26A7444C006414E9 /* Sources */,
				D895EFBB26A7444C006414E9 /* Frameworks */,
				D895EFBC26A7444C006414E9 /* Resources */,
			);
			buildRules = (
			);
			dependencies = (
				D895EFC026A7444C006414E9 /* PBXTargetDependency */,
			);
			name = PartnerThingTests;
			productName = PartnerThingTests;
			productReference = D895EFBE26A7444C006414E9 /* PartnerThingTests.xctest */;
			productType = "com.apple.product-type.bundle.unit-test";
		};
		D895EFC826A7444C006414E9 /* PartnerThingUITests */ = {
			isa = PBXNativeTarget;
			buildConfigurationList = D895EFD826A7444C006414E9 /* Build configuration list for PBXNativeTarget "PartnerThingUITests" */;
			buildPhases = (
				D895EFC526A7444C006414E9 /* Sources */,
				D895EFC626A7444C006414E9 /* Frameworks */,
				D895EFC726A7444C006414E9 /* Resources */,
			);
			buildRules = (
			);
			dependencies = (
				D895EFCB26A7444C006414E9 /* PBXTargetDependency */,
			);
			name = PartnerThingUITests;
			productName = PartnerThingUITests;
			productReference = D895EFC926A7444C006414E9 /* PartnerThingUITests.xctest */;
			productType = "com.apple.product-type.bundle.ui-testing";
		};
/* End PBXNativeTarget section */

/* Begin PBXProject section */
		D895EFA026A7444A006414E9 /* Project object */ = {
			isa = PBXProject;
			attributes = {
				LastSwiftUpdateCheck = 1250;
				LastUpgradeCheck = 1250;
				TargetAttributes = {
					D895EFA726A7444A006414E9 = {
						CreatedOnToolsVersion = 12.5.1;
					};
					D895EFBD26A7444C006414E9 = {
						CreatedOnToolsVersion = 12.5.1;
						TestTargetID = D895EFA726A7444A006414E9;
					};
					D895EFC826A7444C006414E9 = {
						CreatedOnToolsVersion = 12.5.1;
						TestTargetID = D895EFA726A7444A006414E9;
					};
				};
			};
			buildConfigurationList = D895EFA326A7444A006414E9 /* Build configuration list for PBXProject "PartnerThing" */;
			compatibilityVersion = "Xcode 9.3";
			developmentRegion = en;
			hasScannedForEncodings = 0;
			knownRegions = (
				en,
				Base,
			);
			mainGroup = D895EF9F26A7444A006414E9;
			productRefGroup = D895EFA926A7444A006414E9 /* Products */;
			projectDirPath = "";
			projectRoot = "";
			targets = (
				D895EFA726A7444A006414E9 /* PartnerThing */,
				D895EFBD26A7444C006414E9 /* PartnerThingTests */,
				D895EFC826A7444C006414E9 /* PartnerThingUITests */,
			);
		};
/* End PBXProject section */

/* Begin PBXResourcesBuildPhase section */
		D895EFA626A7444A006414E9 /* Resources */ = {
			isa = PBXResourcesBuildPhase;
			buildActionMask = 2147483647;
			files = (
				D895EFB826A7444C006414E9 /* LaunchScreen.storyboard in Resources */,
				D895EFB526A7444C006414E9 /* Assets.xcassets in Resources */,
				D895EFB326A7444A006414E9 /* Main.storyboard in Resources */,
			);
			runOnlyForDeploymentPostprocessing = 0;
		};
		D895EFBC26A7444C006414E9 /* Resources */ = {
			isa = PBXResourcesBuildPhase;
			buildActionMask = 2147483647;
			files = (
			);
			runOnlyForDeploymentPostprocessing = 0;
		};
		D895EFC726A7444C006414E9 /* Resources */ = {
			isa = PBXResourcesBuildPhase;
			buildActionMask = 2147483647;
			files = (
			);
			runOnlyForDeploymentPostprocessing = 0;
		};
/* End PBXResourcesBuildPhase section */

/* Begin PBXSourcesBuildPhase section */
		D895EFA426A7444A006414E9 /* Sources */ = {
			isa = PBXSourcesBuildPhase;
			buildActionMask = 2147483647;
			files = (
				D895EFB026A7444A006414E9 /* ViewController.swift in Sources */,
				D895EFAC26A7444A006414E9 /* AppDelegate.swift in Sources */,
				D895EFAE26A7444A006414E9 /* SceneDelegate.swift in Sources */,
			);
			runOnlyForDeploymentPostprocessing = 0;
		};
		D895EFBA26A7444C006414E9 /* Sources */ = {
			isa = PBXSourcesBuildPhase;
			buildActionMask = 2147483647;
			files = (
				D895EFC326A7444C006414E9 /* PartnerThingTests.swift in Sources */,
			);
			runOnlyForDeploymentPostprocessing = 0;
		};
		D895EFC526A7444C006414E9 /* Sources */ = {
			isa = PBXSourcesBuildPhase;
			buildActionMask = 2147483647;
			files = (
				D895EFCE26A7444C006414E9 /* PartnerThingUITests.swift in Sources */,
			);
			runOnlyForDeploymentPostprocessing = 0;
		};
/* End PBXSourcesBuildPhase section */

/* Begin PBXTargetDependency section */
		D895EFC026A7444C006414E9 /* PBXTargetDependency */ = {
			isa = PBXTargetDependency;
			target = D895EFA726A7444A006414E9 /* PartnerThing */;
			targetProxy = D895EFBF26A7444C006414E9 /* PBXContainerItemProxy */;
		};
		D895EFCB26A7444C006414E9 /* PBXTargetDependency */ = {
			isa = PBXTargetDependency;
			target = D895EFA726A7444A006414E9 /* PartnerThing */;
			targetProxy = D895EFCA26A7444C006414E9 /* PBXContainerItemProxy */;
		};
/* End PBXTargetDependency section */

/* Begin PBXVariantGroup section */
		D895EFB126A7444A006414E9 /* Main.storyboard */ = {
			isa = PBXVariantGroup;
			children = (
				D895EFB226A7444A006414E9 /* Base */,
			);
			name = Main.storyboard;
			sourceTree = "<group>";
		};
		D895EFB626A7444C006414E9 /* LaunchScreen.storyboard */ = {
			isa = PBXVariantGroup;
			children = (
				D895EFB726A7444C006414E9 /* Base */,
			);
			name = LaunchScreen.storyboard;
			sourceTree = "<group>";
		};
/* End PBXVariantGroup section */

/* Begin XCBuildConfiguration section */
		D895EFD026A7444C006414E9 /* Debug */ = {
			isa = XCBuildConfiguration;
			buildSettings = {
				ALWAYS_SEARCH_USER_PATHS = NO;
				CLANG_ANALYZER_NONNULL = YES;
				CLANG_ANALYZER_NUMBER_OBJECT_CONVERSION = YES_AGGRESSIVE;
				CLANG_CXX_LANGUAGE_STANDARD = "gnu++14";
				CLANG_CXX_LIBRARY = "libc++";
				CLANG_ENABLE_MODULES = YES;
				CLANG_ENABLE_OBJC_ARC = YES;
				CLANG_ENABLE_OBJC_WEAK = YES;
				CLANG_WARN_BLOCK_CAPTURE_AUTORELEASING = YES;
				CLANG_WARN_BOOL_CONVERSION = YES;
				CLANG_WARN_COMMA = YES;
				CLANG_WARN_CONSTANT_CONVERSION = YES;
				CLANG_WARN_DEPRECATED_OBJC_IMPLEMENTATIONS = YES;
				CLANG_WARN_DIRECT_OBJC_ISA_USAGE = YES_ERROR;
				CLANG_WARN_DOCUMENTATION_COMMENTS = YES;
				CLANG_WARN_EMPTY_BODY = YES;
				CLANG_WARN_ENUM_CONVERSION = YES;
				CLANG_WARN_INFINITE_RECURSION = YES;
				CLANG_WARN_INT_CONVERSION = YES;
				CLANG_WARN_NON_LITERAL_NULL_CONVERSION = YES;
				CLANG_WARN_OBJC_IMPLICIT_RETAIN_SELF = YES;
				CLANG_WARN_OBJC_LITERAL_CONVERSION = YES;
				CLANG_WARN_OBJC_ROOT_CLASS = YES_ERROR;
				CLANG_WARN_QUOTED_INCLUDE_IN_FRAMEWORK_HEADER = YES;
				CLANG_WARN_RANGE_LOOP_ANALYSIS = YES;
				CLANG_WARN_STRICT_PROTOTYPES = YES;
				CLANG_WARN_SUSPICIOUS_MOVE = YES;
				CLANG_WARN_UNGUARDED_AVAILABILITY = YES_AGGRESSIVE;
				CLANG_WARN_UNREACHABLE_CODE = YES;
				CLANG_WARN__DUPLICATE_METHOD_MATCH = YES;
				COPY_PHASE_STRIP = NO;
				DEBUG_INFORMATION_FORMAT = dwarf;
				ENABLE_STRICT_OBJC_MSGSEND = YES;
				ENABLE_TESTABILITY = YES;
				GCC_C_LANGUAGE_STANDARD = gnu11;
				GCC_DYNAMIC_NO_PIC = NO;
				GCC_NO_COMMON_BLOCKS = YES;
				GCC_OPTIMIZATION_LEVEL = 0;
				GCC_PREPROCESSOR_DEFINITIONS = (
					"DEBUG=1",
					"$(inherited)",
				);
				GCC_WARN_64_TO_32_BIT_CONVERSION = YES;
				GCC_WARN_ABOUT_RETURN_TYPE = YES_ERROR;
				GCC_WARN_UNDECLARED_SELECTOR = YES;
				GCC_WARN_UNINITIALIZED_AUTOS = YES_AGGRESSIVE;
				GCC_WARN_UNUSED_FUNCTION = YES;
				GCC_WARN_UNUSED_VARIABLE = YES;
				IPHONEOS_DEPLOYMENT_TARGET = 14.5;
				MTL_ENABLE_DEBUG_INFO = INCLUDE_SOURCE;
				MTL_FAST_MATH = YES;
				ONLY_ACTIVE_ARCH = YES;
				SDKROOT = iphoneos;
				SWIFT_ACTIVE_COMPILATION_CONDITIONS = DEBUG;
				SWIFT_OPTIMIZATION_LEVEL = "-Onone";
			};
			name = Debug;
		};
		D895EFD126A7444C006414E9 /* Release */ = {
			isa = XCBuildConfiguration;
			buildSettings = {
				ALWAYS_SEARCH_USER_PATHS = NO;
				CLANG_ANALYZER_NONNULL = YES;
				CLANG_ANALYZER_NUMBER_OBJECT_CONVERSION = YES_AGGRESSIVE;
				CLANG_CXX_LANGUAGE_STANDARD = "gnu++14";
				CLANG_CXX_LIBRARY = "libc++";
				CLANG_ENABLE_MODULES = YES;
				CLANG_ENABLE_OBJC_ARC = YES;
				CLANG_ENABLE_OBJC_WEAK = YES;
				CLANG_WARN_BLOCK_CAPTURE_AUTORELEASING = YES;
				CLANG_WARN_BOOL_CONVERSION = YES;
				CLANG_WARN_COMMA = YES;
				CLANG_WARN_CONSTANT_CONVERSION = YES;
				CLANG_WARN_DEPRECATED_OBJC_IMPLEMENTATIONS = YES;
				CLANG_WARN_DIRECT_OBJC_ISA_USAGE = YES_ERROR;
				CLANG_WARN_DOCUMENTATION_COMMENTS = YES;
				CLANG_WARN_EMPTY_BODY = YES;
				CLANG_WARN_ENUM_CONVERSION = YES;
				CLANG_WARN_INFINITE_RECURSION = YES;
				CLANG_WARN_INT_CONVERSION = YES;
				CLANG_WARN_NON_LITERAL_NULL_CONVERSION = YES;
				CLANG_WARN_OBJC_IMPLICIT_RETAIN_SELF = YES;
				CLANG_WARN_OBJC_LITERAL_CONVERSION = YES;
				CLANG_WARN_OBJC_ROOT_CLASS = YES_ERROR;
				CLANG_WARN_QUOTED_INCLUDE_IN_FRAMEWORK_HEADER = YES;
				CLANG_WARN_RANGE_LOOP_ANALYSIS = YES;
				CLANG_WARN_STRICT_PROTOTYPES = YES;
				CLANG_WARN_SUSPICIOUS_MOVE = YES;
				CLANG_WARN_UNGUARDED_AVAILABILITY = YES_AGGRESSIVE;
				CLANG_WARN_UNREACHABLE_CODE = YES;
				CLANG_WARN__DUPLICATE_METHOD_MATCH = YES;
				COPY_PHASE_STRIP = NO;
				DEBUG_INFORMATION_FORMAT = "dwarf-with-dsym";
				ENABLE_NS_ASSERTIONS = NO;
				ENABLE_STRICT_OBJC_MSGSEND = YES;
				GCC_C_LANGUAGE_STANDARD = gnu11;
				GCC_NO_COMMON_BLOCKS = YES;
				GCC_WARN_64_TO_32_BIT_CONVERSION = YES;
				GCC_WARN_ABOUT_RETURN_TYPE = YES_ERROR;
				GCC_WARN_UNDECLARED_SELECTOR = YES;
				GCC_WARN_UNINITIALIZED_AUTOS = YES_AGGRESSIVE;
				GCC_WARN_UNUSED_FUNCTION = YES;
				GCC_WARN_UNUSED_VARIABLE = YES;
				IPHONEOS_DEPLOYMENT_TARGET = 14.5;
				MTL_ENABLE_DEBUG_INFO = NO;
				MTL_FAST_MATH = YES;
				SDKROOT = iphoneos;
				SWIFT_COMPILATION_MODE = wholemodule;
				SWIFT_OPTIMIZATION_LEVEL = "-O";
				VALIDATE_PRODUCT = YES;
			};
			name = Release;
		};
		D895EFD326A7444C006414E9 /* Debug */ = {
			isa = XCBuildConfiguration;
			buildSettings = {
				ASSETCATALOG_COMPILER_APPICON_NAME = AppIcon;
				ASSETCATALOG_COMPILER_GLOBAL_ACCENT_COLOR_NAME = AccentColor;
				CODE_SIGN_STYLE = Automatic;
				INFOPLIST_FILE = PartnerThing/Info.plist;
				LD_RUNPATH_SEARCH_PATHS = (
					"$(inherited)",
					"@executable_path/Frameworks",
				);
				PRODUCT_BUNDLE_IDENTIFIER = Kaylie.PartnerThing;
				PRODUCT_NAME = "$(TARGET_NAME)";
				SWIFT_VERSION = 5.0;
				TARGETED_DEVICE_FAMILY = "1,2";
			};
			name = Debug;
		};
		D895EFD426A7444C006414E9 /* Release */ = {
			isa = XCBuildConfiguration;
			buildSettings = {
				ASSETCATALOG_COMPILER_APPICON_NAME = AppIcon;
				ASSETCATALOG_COMPILER_GLOBAL_ACCENT_COLOR_NAME = AccentColor;
				CODE_SIGN_STYLE = Automatic;
				INFOPLIST_FILE = PartnerThing/Info.plist;
				LD_RUNPATH_SEARCH_PATHS = (
					"$(inherited)",
					"@executable_path/Frameworks",
				);
				PRODUCT_BUNDLE_IDENTIFIER = Kaylie.PartnerThing;
				PRODUCT_NAME = "$(TARGET_NAME)";
				SWIFT_VERSION = 5.0;
				TARGETED_DEVICE_FAMILY = "1,2";
			};
			name = Release;
		};
		D895EFD626A7444C006414E9 /* Debug */ = {
			isa = XCBuildConfiguration;
			buildSettings = {
				ALWAYS_EMBED_SWIFT_STANDARD_LIBRARIES = YES;
				BUNDLE_LOADER = "$(TEST_HOST)";
				CODE_SIGN_STYLE = Automatic;
				INFOPLIST_FILE = PartnerThingTests/Info.plist;
				IPHONEOS_DEPLOYMENT_TARGET = 14.5;
				LD_RUNPATH_SEARCH_PATHS = (
					"$(inherited)",
					"@executable_path/Frameworks",
					"@loader_path/Frameworks",
				);
				PRODUCT_BUNDLE_IDENTIFIER = Kaylie.PartnerThingTests;
				PRODUCT_NAME = "$(TARGET_NAME)";
				SWIFT_VERSION = 5.0;
				TARGETED_DEVICE_FAMILY = "1,2";
				TEST_HOST = "$(BUILT_PRODUCTS_DIR)/PartnerThing.app/PartnerThing";
			};
			name = Debug;
		};
		D895EFD726A7444C006414E9 /* Release */ = {
			isa = XCBuildConfiguration;
			buildSettings = {
				ALWAYS_EMBED_SWIFT_STANDARD_LIBRARIES = YES;
				BUNDLE_LOADER = "$(TEST_HOST)";
				CODE_SIGN_STYLE = Automatic;
				INFOPLIST_FILE = PartnerThingTests/Info.plist;
				IPHONEOS_DEPLOYMENT_TARGET = 14.5;
				LD_RUNPATH_SEARCH_PATHS = (
					"$(inherited)",
					"@executable_path/Frameworks",
					"@loader_path/Frameworks",
				);
				PRODUCT_BUNDLE_IDENTIFIER = Kaylie.PartnerThingTests;
				PRODUCT_NAME = "$(TARGET_NAME)";
				SWIFT_VERSION = 5.0;
				TARGETED_DEVICE_FAMILY = "1,2";
				TEST_HOST = "$(BUILT_PRODUCTS_DIR)/PartnerThing.app/PartnerThing";
			};
			name = Release;
		};
		D895EFD926A7444C006414E9 /* Debug */ = {
			isa = XCBuildConfiguration;
			buildSettings = {
				ALWAYS_EMBED_SWIFT_STANDARD_LIBRARIES = YES;
				CODE_SIGN_STYLE = Automatic;
				INFOPLIST_FILE = PartnerThingUITests/Info.plist;
				LD_RUNPATH_SEARCH_PATHS = (
					"$(inherited)",
					"@executable_path/Frameworks",
					"@loader_path/Frameworks",
				);
				PRODUCT_BUNDLE_IDENTIFIER = Kaylie.PartnerThingUITests;
				PRODUCT_NAME = "$(TARGET_NAME)";
				SWIFT_VERSION = 5.0;
				TARGETED_DEVICE_FAMILY = "1,2";
				TEST_TARGET_NAME = PartnerThing;
			};
			name = Debug;
		};
		D895EFDA26A7444C006414E9 /* Release */ = {
			isa = XCBuildConfiguration;
			buildSettings = {
				ALWAYS_EMBED_SWIFT_STANDARD_LIBRARIES = YES;
				CODE_SIGN_STYLE = Automatic;
				INFOPLIST_FILE = PartnerThingUITests/Info.plist;
				LD_RUNPATH_SEARCH_PATHS = (
					"$(inherited)",
					"@executable_path/Frameworks",
					"@loader_path/Frameworks",
				);
				PRODUCT_BUNDLE_IDENTIFIER = Kaylie.PartnerThingUITests;
				PRODUCT_NAME = "$(TARGET_NAME)";
				SWIFT_VERSION = 5.0;
				TARGETED_DEVICE_FAMILY = "1,2";
				TEST_TARGET_NAME = PartnerThing;
			};
			name = Release;
		};
/* End XCBuildConfiguration section */

/* Begin XCConfigurationList section */
		D895EFA326A7444A006414E9 /* Build configuration list for PBXProject "PartnerThing" */ = {
			isa = XCConfigurationList;
			buildConfigurations = (
				D895EFD026A7444C006414E9 /* Debug */,
				D895EFD126A7444C006414E9 /* Release */,
			);
			defaultConfigurationIsVisible = 0;
			defaultConfigurationName = Release;
		};
		D895EFD226A7444C006414E9 /* Build configuration list for PBXNativeTarget "PartnerThing" */ = {
			isa = XCConfigurationList;
			buildConfigurations = (
				D895EFD326A7444C006414E9 /* Debug */,
				D895EFD426A7444C006414E9 /* Release */,
			);
			defaultConfigurationIsVisible = 0;
			defaultConfigurationName = Release;
		};
		D895EFD526A7444C006414E9 /* Build configuration list for PBXNativeTarget "PartnerThingTests" */ = {
			isa = XCConfigurationList;
			buildConfigurations = (
				D895EFD626A7444C006414E9 /* Debug */,
				D895EFD726A7444C006414E9 /* Release */,
			);
			defaultConfigurationIsVisible = 0;
			defaultConfigurationName = Release;
		};
		D895EFD826A7444C006414E9 /* Build configuration list for PBXNativeTarget "PartnerThingUITests" */ = {
			isa = XCConfigurationList;
			buildConfigurations = (
				D895EFD926A7444C006414E9 /* Debug */,
				D895EFDA26A7444C006414E9 /* Release */,
			);
			defaultConfigurationIsVisible = 0;
			defaultConfigurationName = Release;
		};
/* End XCConfigurationList section */
	};
	rootObject = D895EFA026A7444A006414E9 /* Project object */;
}
